
Microsoft Visual Studio Solution File, Format Version 12.00
# Visual Studio Version 17
VisualStudioVersion = 17.3.32929.385
MinimumVisualStudioVersion = 10.0.40219.1
Project("{9A19103F-16F7-4668-BE54-9A1E7A4F7556}") = "BlazorWASMDemo", "BlazorWASMDemo\BlazorWASMDemo.csproj", "{AFDCA84A-59B4-4A38-BD87-75A0B9EAE779}"
EndProject
Global
	GlobalSection(SolutionConfigurationPlatforms) = preSolution
		Debug|Any CPU = Debug|Any CPU
		Release|Any CPU = Release|Any CPU
	EndGlobalSection
	GlobalSection(ProjectConfigurationPlatforms) = postSolution
		{AFDCA84A-59B4-4A38-BD87-75A0B9EAE779}.Debug|Any CPU.ActiveCfg = Debug|Any CPU
		{AFDCA84A-59B4-4A38-BD87-75A0B9EAE779}.Debug|Any CPU.Build.0 = Debug|Any CPU
		{AFDCA84A-59B4-4A38-BD87-75A0B9EAE779}.Release|Any CPU.ActiveCfg = Release|Any CPU
		{AFDCA84A-59B4-4A38-BD87-75A0B9EAE779}.Release|Any CPU.Build.0 = Release|Any CPU
	EndGlobalSection
	GlobalSection(SolutionProperties) = preSolution
		HideSolutionNode = FALSE
	EndGlobalSection
	GlobalSection(ExtensibilityGlobals) = postSolution
		SolutionGuid = {45EA820C-3B6B-4F39-813E-43B592530264}
	EndGlobalSection
EndGlobal
